
Microsoft Visual Studio Solution File, Format Version 12.00
# Visual Studio Version 17
VisualStudioVersion = 17.4.33103.184
MinimumVisualStudioVersion = 10.0.40219.1
Project("{FAE04EC0-301F-11D3-BF4B-00C04F79EFBC}") = "CDS", "main\CDS.csproj", "{98431641-9B20-43F9-85B1-429A2BDD8E13}"
	ProjectSection(ProjectDependencies) = postProject
		{0B70BD28-82DE-4F08-B985-AC7FAA17CA46} = {0B70BD28-82DE-4F08-B985-AC7FAA17CA46}
		{38D7D265-4646-4215-BA28-9A656F13BE2E} = {38D7D265-4646-4215-BA28-9A656F13BE2E}
		{3A25728C-BF2E-4AE8-9B21-0017857EAAF6} = {3A25728C-BF2E-4AE8-9B21-0017857EAAF6}
		{0CEB36D4-A434-4576-96D1-FBD339A24486} = {0CEB36D4-A434-4576-96D1-FBD339A24486}
	EndProjectSection
EndProject
Project("{FAE04EC0-301F-11D3-BF4B-00C04F79EFBC}") = "DB_MARIA", "DB_MARIA\DB_MARIA\DB_MARIA.csproj", "{3A25728C-BF2E-4AE8-9B21-0017857EAAF6}"
EndProject
Project("{FAE04EC0-301F-11D3-BF4B-00C04F79EFBC}") = "LOG", "LOG\LOG\LOG.csproj", "{0B70BD28-82DE-4F08-B985-AC7FAA17CA46}"
EndProject
Project("{F184B08F-C81C-45F6-A57F-5ABD9991F28F}") = "TCP_IP_SOCKET", "TCP_IP_SOCKET\TCP_IP_SOCKET.vbproj", "{38D7D265-4646-4215-BA28-9A656F13BE2E}"
EndProject
Project("{FAE04EC0-301F-11D3-BF4B-00C04F79EFBC}") = "Comi_Ethercat", "Commi_Ethercat\Comi_Ethercat.csproj", "{0CEB36D4-A434-4576-96D1-FBD339A24486}"
EndProject
Project("{FAE04EC0-301F-11D3-BF4B-00C04F79EFBC}") = "Excel_To_DB", "Excel_To_DB\Excel_To_DB.csproj", "{C2556C29-9665-4373-AE9C-D1604FA031F9}"
EndProject
Project("{FAE04EC0-301F-11D3-BF4B-00C04F79EFBC}") = "Config_Create", "Config_Create\Config_Create.csproj", "{A84FE0C3-F47D-4013-BE39-42CD310BF989}"
EndProject
Project("{FAE04EC0-301F-11D3-BF4B-00C04F79EFBC}") = "LogManager", "LogManager\LogManager.csproj", "{6E34EEDE-8956-4BA9-9478-EF7D572AC65C}"
EndProject
Global
	GlobalSection(SolutionConfigurationPlatforms) = preSolution
		COMIZOA 원격 디버깅|Any CPU = COMIZOA 원격 디버깅|Any CPU
		COMIZOA 원격 디버깅|x64 = COMIZOA 원격 디버깅|x64
		Debug|Any CPU = Debug|Any CPU
		Debug|x64 = Debug|x64
		Release|Any CPU = Release|Any CPU
		Release|x64 = Release|x64
	EndGlobalSection
	GlobalSection(ProjectConfigurationPlatforms) = postSolution
		{98431641-9B20-43F9-85B1-429A2BDD8E13}.COMIZOA 원격 디버깅|Any CPU.ActiveCfg = COMIZOA 원격 디버깅|Any CPU
		{98431641-9B20-43F9-85B1-429A2BDD8E13}.COMIZOA 원격 디버깅|Any CPU.Build.0 = COMIZOA 원격 디버깅|Any CPU
		{98431641-9B20-43F9-85B1-429A2BDD8E13}.COMIZOA 원격 디버깅|x64.ActiveCfg = COMIZOA 원격 디버깅|x64
		{98431641-9B20-43F9-85B1-429A2BDD8E13}.COMIZOA 원격 디버깅|x64.Build.0 = COMIZOA 원격 디버깅|x64
		{98431641-9B20-43F9-85B1-429A2BDD8E13}.Debug|Any CPU.ActiveCfg = Debug|Any CPU
		{98431641-9B20-43F9-85B1-429A2BDD8E13}.Debug|Any CPU.Build.0 = Debug|Any CPU
		{98431641-9B20-43F9-85B1-429A2BDD8E13}.Debug|x64.ActiveCfg = Debug|x64
		{98431641-9B20-43F9-85B1-429A2BDD8E13}.Debug|x64.Build.0 = Debug|x64
		{98431641-9B20-43F9-85B1-429A2BDD8E13}.Release|Any CPU.ActiveCfg = Release|Any CPU
		{98431641-9B20-43F9-85B1-429A2BDD8E13}.Release|Any CPU.Build.0 = Release|Any CPU
		{98431641-9B20-43F9-85B1-429A2BDD8E13}.Release|x64.ActiveCfg = Release|x64
		{98431641-9B20-43F9-85B1-429A2BDD8E13}.Release|x64.Build.0 = Release|x64
		{3A25728C-BF2E-4AE8-9B21-0017857EAAF6}.COMIZOA 원격 디버깅|Any CPU.ActiveCfg = COMIZOA 원격 디버깅|Any CPU
		{3A25728C-BF2E-4AE8-9B21-0017857EAAF6}.COMIZOA 원격 디버깅|Any CPU.Build.0 = COMIZOA 원격 디버깅|Any CPU
		{3A25728C-BF2E-4AE8-9B21-0017857EAAF6}.COMIZOA 원격 디버깅|x64.ActiveCfg = COMIZOA 원격 디버깅|x64
		{3A25728C-BF2E-4AE8-9B21-0017857EAAF6}.Debug|Any CPU.ActiveCfg = Debug|Any CPU
		{3A25728C-BF2E-4AE8-9B21-0017857EAAF6}.Debug|x64.ActiveCfg = Debug|x64
		{3A25728C-BF2E-4AE8-9B21-0017857EAAF6}.Release|Any CPU.ActiveCfg = Release|Any CPU
		{3A25728C-BF2E-4AE8-9B21-0017857EAAF6}.Release|Any CPU.Build.0 = Release|Any CPU
		{3A25728C-BF2E-4AE8-9B21-0017857EAAF6}.Release|x64.ActiveCfg = Release|x64
		{0B70BD28-82DE-4F08-B985-AC7FAA17CA46}.COMIZOA 원격 디버깅|Any CPU.ActiveCfg = COMIZOA 원격 디버깅|Any CPU
		{0B70BD28-82DE-4F08-B985-AC7FAA17CA46}.COMIZOA 원격 디버깅|Any CPU.Build.0 = COMIZOA 원격 디버깅|Any CPU
		{0B70BD28-82DE-4F08-B985-AC7FAA17CA46}.COMIZOA 원격 디버깅|x64.ActiveCfg = COMIZOA 원격 디버깅|x64
		{0B70BD28-82DE-4F08-B985-AC7FAA17CA46}.Debug|Any CPU.ActiveCfg = Debug|Any CPU
		{0B70BD28-82DE-4F08-B985-AC7FAA17CA46}.Debug|x64.ActiveCfg = Debug|x64
		{0B70BD28-82DE-4F08-B985-AC7FAA17CA46}.Release|Any CPU.ActiveCfg = Release|Any CPU
		{0B70BD28-82DE-4F08-B985-AC7FAA17CA46}.Release|Any CPU.Build.0 = Release|Any CPU
		{0B70BD28-82DE-4F08-B985-AC7FAA17CA46}.Release|x64.ActiveCfg = Release|x64
		{38D7D265-4646-4215-BA28-9A656F13BE2E}.COMIZOA 원격 디버깅|Any CPU.ActiveCfg = COMIZOA 원격 디버깅|Any CPU
		{38D7D265-4646-4215-BA28-9A656F13BE2E}.COMIZOA 원격 디버깅|Any CPU.Build.0 = COMIZOA 원격 디버깅|Any CPU
		{38D7D265-4646-4215-BA28-9A656F13BE2E}.COMIZOA 원격 디버깅|x64.ActiveCfg = COMIZOA 원격 디버깅|x64
		{38D7D265-4646-4215-BA28-9A656F13BE2E}.Debug|Any CPU.ActiveCfg = Debug|Any CPU
		{38D7D265-4646-4215-BA28-9A656F13BE2E}.Debug|x64.ActiveCfg = Debug|x64
		{38D7D265-4646-4215-BA28-9A656F13BE2E}.Release|Any CPU.ActiveCfg = Release|Any CPU
		{38D7D265-4646-4215-BA28-9A656F13BE2E}.Release|Any CPU.Build.0 = Release|Any CPU
		{38D7D265-4646-4215-BA28-9A656F13BE2E}.Release|x64.ActiveCfg = Release|x64
		{0CEB36D4-A434-4576-96D1-FBD339A24486}.COMIZOA 원격 디버깅|Any CPU.ActiveCfg = COMIZOA 원격 디버깅|Any CPU
		{0CEB36D4-A434-4576-96D1-FBD339A24486}.COMIZOA 원격 디버깅|Any CPU.Build.0 = COMIZOA 원격 디버깅|Any CPU
		{0CEB36D4-A434-4576-96D1-FBD339A24486}.COMIZOA 원격 디버깅|x64.ActiveCfg = COMIZOA 원격 디버깅|x64
		{0CEB36D4-A434-4576-96D1-FBD339A24486}.Debug|Any CPU.ActiveCfg = Debug|Any CPU
		{0CEB36D4-A434-4576-96D1-FBD339A24486}.Debug|x64.ActiveCfg = Debug|x64
		{0CEB36D4-A434-4576-96D1-FBD339A24486}.Release|Any CPU.ActiveCfg = Release|Any CPU
		{0CEB36D4-A434-4576-96D1-FBD339A24486}.Release|Any CPU.Build.0 = Release|Any CPU
		{0CEB36D4-A434-4576-96D1-FBD339A24486}.Release|x64.ActiveCfg = Release|x64
		{C2556C29-9665-4373-AE9C-D1604FA031F9}.COMIZOA 원격 디버깅|Any CPU.ActiveCfg = Debug|Any CPU
		{C2556C29-9665-4373-AE9C-D1604FA031F9}.COMIZOA 원격 디버깅|Any CPU.Build.0 = Debug|Any CPU
		{C2556C29-9665-4373-AE9C-D1604FA031F9}.COMIZOA 원격 디버깅|x64.ActiveCfg = Debug|x64
		{C2556C29-9665-4373-AE9C-D1604FA031F9}.COMIZOA 원격 디버깅|x64.Build.0 = Debug|x64
		{C2556C29-9665-4373-AE9C-D1604FA031F9}.Debug|Any CPU.ActiveCfg = Debug|Any CPU
		{C2556C29-9665-4373-AE9C-D1604FA031F9}.Debug|x64.ActiveCfg = Debug|x64
		{C2556C29-9665-4373-AE9C-D1604FA031F9}.Release|Any CPU.ActiveCfg = Release|Any CPU
		{C2556C29-9665-4373-AE9C-D1604FA031F9}.Release|Any CPU.Build.0 = Release|Any CPU
		{C2556C29-9665-4373-AE9C-D1604FA031F9}.Release|x64.ActiveCfg = Release|x64
		{A84FE0C3-F47D-4013-BE39-42CD310BF989}.COMIZOA 원격 디버깅|Any CPU.ActiveCfg = Debug|Any CPU
		{A84FE0C3-F47D-4013-BE39-42CD310BF989}.COMIZOA 원격 디버깅|Any CPU.Build.0 = Debug|Any CPU
		{A84FE0C3-F47D-4013-BE39-42CD310BF989}.COMIZOA 원격 디버깅|x64.ActiveCfg = Debug|x64
		{A84FE0C3-F47D-4013-BE39-42CD310BF989}.COMIZOA 원격 디버깅|x64.Build.0 = Debug|x64
		{A84FE0C3-F47D-4013-BE39-42CD310BF989}.Debug|Any CPU.ActiveCfg = Debug|Any CPU
		{A84FE0C3-F47D-4013-BE39-42CD310BF989}.Debug|x64.ActiveCfg = Debug|x64
		{A84FE0C3-F47D-4013-BE39-42CD310BF989}.Release|Any CPU.ActiveCfg = Release|Any CPU
		{A84FE0C3-F47D-4013-BE39-42CD310BF989}.Release|Any CPU.Build.0 = Release|Any CPU
		{A84FE0C3-F47D-4013-BE39-42CD310BF989}.Release|x64.ActiveCfg = Release|x64
		{6E34EEDE-8956-4BA9-9478-EF7D572AC65C}.COMIZOA 원격 디버깅|Any CPU.ActiveCfg = Debug|Any CPU
		{6E34EEDE-8956-4BA9-9478-EF7D572AC65C}.COMIZOA 원격 디버깅|Any CPU.Build.0 = Debug|Any CPU
		{6E34EEDE-8956-4BA9-9478-EF7D572AC65C}.COMIZOA 원격 디버깅|x64.ActiveCfg = Debug|x64
		{6E34EEDE-8956-4BA9-9478-EF7D572AC65C}.COMIZOA 원격 디버깅|x64.Build.0 = Debug|x64
		{6E34EEDE-8956-4BA9-9478-EF7D572AC65C}.Debug|Any CPU.ActiveCfg = Debug|Any CPU
		{6E34EEDE-8956-4BA9-9478-EF7D572AC65C}.Debug|x64.ActiveCfg = Debug|x64
		{6E34EEDE-8956-4BA9-9478-EF7D572AC65C}.Release|Any CPU.ActiveCfg = Release|Any CPU
		{6E34EEDE-8956-4BA9-9478-EF7D572AC65C}.Release|Any CPU.Build.0 = Release|Any CPU
		{6E34EEDE-8956-4BA9-9478-EF7D572AC65C}.Release|x64.ActiveCfg = Release|x64
	EndGlobalSection
	GlobalSection(SolutionProperties) = preSolution
		HideSolutionNode = FALSE
	EndGlobalSection
	GlobalSection(ExtensibilityGlobals) = postSolution
		SolutionGuid = {7A495705-FB53-43F5-B686-63AC1C1F7E1F}
	EndGlobalSection
EndGlobal
