
Microsoft Visual Studio Solution File, Format Version 12.00
# Visual Studio Version 16
VisualStudioVersion = 16.0.31911.196
MinimumVisualStudioVersion = 10.0.40219.1
Project("{FAE04EC0-301F-11D3-BF4B-00C04F79EFBC}") = "LOG", "LOG\LOG.csproj", "{0B70BD28-82DE-4F08-B985-AC7FAA17CA46}"
EndProject
Global
	GlobalSection(SolutionConfigurationPlatforms) = preSolution
		Debug|Any CPU = Debug|Any CPU
		Release|Any CPU = Release|Any CPU
	EndGlobalSection
	GlobalSection(ProjectConfigurationPlatforms) = postSolution
		{0B70BD28-82DE-4F08-B985-AC7FAA17CA46}.Debug|Any CPU.ActiveCfg = Debug|Any CPU
		{0B70BD28-82DE-4F08-B985-AC7FAA17CA46}.Debug|Any CPU.Build.0 = Debug|Any CPU
		{0B70BD28-82DE-4F08-B985-AC7FAA17CA46}.Release|Any CPU.ActiveCfg = Release|Any CPU
		{0B70BD28-82DE-4F08-B985-AC7FAA17CA46}.Release|Any CPU.Build.0 = Release|Any CPU
	EndGlobalSection
	GlobalSection(SolutionProperties) = preSolution
		HideSolutionNode = FALSE
	EndGlobalSection
	GlobalSection(ExtensibilityGlobals) = postSolution
		SolutionGuid = {7C82AC83-AAAB-4F2A-8BF5-BE39D0845024}
	EndGlobalSection
EndGlobal
